
Microsoft Visual Studio Solution File, Format Version 12.00
# Visual Studio 2012
Project("{F184B08F-C81C-45F6-A57F-5ABD9991F28F}") = "Website Traffice Metric", "Website Traffice Metric\Website Traffice Metric.vbproj", "{B268D25C-7ECB-460C-94B2-B81505BB10BD}"
EndProject
Global
	GlobalSection(SolutionConfigurationPlatforms) = preSolution
		Debug|Any CPU = Debug|Any CPU
		Release|Any CPU = Release|Any CPU
	EndGlobalSection
	GlobalSection(ProjectConfigurationPlatforms) = postSolution
		{B268D25C-7ECB-460C-94B2-B81505BB10BD}.Debug|Any CPU.ActiveCfg = Debug|Any CPU
		{B268D25C-7ECB-460C-94B2-B81505BB10BD}.Debug|Any CPU.Build.0 = Debug|Any CPU
		{B268D25C-7ECB-460C-94B2-B81505BB10BD}.Release|Any CPU.ActiveCfg = Release|Any CPU
		{B268D25C-7ECB-460C-94B2-B81505BB10BD}.Release|Any CPU.Build.0 = Release|Any CPU
	EndGlobalSection
	GlobalSection(SolutionProperties) = preSolution
		HideSolutionNode = FALSE
	EndGlobalSection
EndGlobal
